{
  "name": "web-scaffold",
  "version": "0.0.0",
  "dependencies": {
    "accepts": {
      "version": "1.3.3",
      "from": "accepts@>=1.3.3 <1.4.0",
      "resolved": "https://registry.npmjs.org/accepts/-/accepts-1.3.3.tgz"
    },
    "amdefine": {
      "version": "1.0.1",
      "from": "amdefine@>=0.0.4",
      "resolved": "https://registry.npmjs.org/amdefine/-/amdefine-1.0.1.tgz"
    },
    "ansi-regex": {
      "version": "2.1.1",
      "from": "ansi-regex@>=2.0.0 <3.0.0",
      "resolved": "https://registry.npmjs.org/ansi-regex/-/ansi-regex-2.1.1.tgz"
    },
    "ansi-styles": {
      "version": "2.2.1",
      "from": "ansi-styles@>=2.2.1 <3.0.0",
      "resolved": "https://registry.npmjs.org/ansi-styles/-/ansi-styles-2.2.1.tgz"
    },
    "array-flatten": {
      "version": "1.1.1",
      "from": "array-flatten@1.1.1",
      "resolved": "https://registry.npmjs.org/array-flatten/-/array-flatten-1.1.1.tgz"
    },
    "asap": {
      "version": "2.0.5",
      "from": "asap@>=2.0.3 <2.1.0",
      "resolved": "https://registry.npmjs.org/asap/-/asap-2.0.5.tgz"
    },
    "babel-code-frame": {
      "version": "6.22.0",
      "from": "babel-code-frame@>=6.22.0 <7.0.0",
      "resolved": "https://registry.npmjs.org/babel-code-frame/-/babel-code-frame-6.22.0.tgz"
    },
    "babel-messages": {
      "version": "6.23.0",
      "from": "babel-messages@>=6.23.0 <7.0.0",
      "resolved": "https://registry.npmjs.org/babel-messages/-/babel-messages-6.23.0.tgz"
    },
    "babel-polyfill": {
      "version": "6.23.0",
      "from": "babel-polyfill@>=6.7.4 <7.0.0",
      "resolved": "https://registry.npmjs.org/babel-polyfill/-/babel-polyfill-6.23.0.tgz"
    },
    "babel-runtime": {
      "version": "6.23.0",
      "from": "babel-runtime@>=6.22.0 <7.0.0",
      "resolved": "https://registry.npmjs.org/babel-runtime/-/babel-runtime-6.23.0.tgz"
    },
    "babel-template": {
      "version": "6.23.0",
      "from": "babel-template@>=6.7.0 <7.0.0",
      "resolved": "https://registry.npmjs.org/babel-template/-/babel-template-6.23.0.tgz"
    },
    "babel-traverse": {
      "version": "6.23.1",
      "from": "babel-traverse@>=6.23.0 <7.0.0",
      "resolved": "https://registry.npmjs.org/babel-traverse/-/babel-traverse-6.23.1.tgz"
    },
    "babel-types": {
      "version": "6.23.0",
      "from": "babel-types@>=6.23.0 <7.0.0",
      "resolved": "https://registry.npmjs.org/babel-types/-/babel-types-6.23.0.tgz"
    },
    "babylon": {
      "version": "6.16.1",
      "from": "babylon@>=6.11.0 <7.0.0",
      "resolved": "https://registry.npmjs.org/babylon/-/babylon-6.16.1.tgz"
    },
    "bluebird": {
      "version": "3.5.0",
      "from": "bluebird@>=3.4.6 <4.0.0",
      "resolved": "https://registry.npmjs.org/bluebird/-/bluebird-3.5.0.tgz"
    },
    "body-parser": {
      "version": "1.17.1",
      "from": "body-parser@1.17.1",
      "resolved": "https://registry.npmjs.org/body-parser/-/body-parser-1.17.1.tgz"
    },
    "bytes": {
      "version": "2.4.0",
      "from": "bytes@2.4.0",
      "resolved": "https://registry.npmjs.org/bytes/-/bytes-2.4.0.tgz"
    },
    "chalk": {
      "version": "1.1.3",
      "from": "chalk@>=1.0.0 <2.0.0",
      "resolved": "https://registry.npmjs.org/chalk/-/chalk-1.1.3.tgz"
    },
    "charenc": {
      "version": "0.0.2",
      "from": "charenc@>=0.0.1",
      "resolved": "https://registry.npmjs.org/charenc/-/charenc-0.0.2.tgz"
    },
    "classnames": {
      "version": "2.2.5",
      "from": "classnames@>=2.2.5 <3.0.0",
      "resolved": "https://registry.npmjs.org/classnames/-/classnames-2.2.5.tgz"
    },
    "content-disposition": {
      "version": "0.5.2",
      "from": "content-disposition@0.5.2",
      "resolved": "https://registry.npmjs.org/content-disposition/-/content-disposition-0.5.2.tgz"
    },
    "content-type": {
      "version": "1.0.2",
      "from": "content-type@>=1.0.2 <1.1.0",
      "resolved": "https://registry.npmjs.org/content-type/-/content-type-1.0.2.tgz"
    },
    "cookie": {
      "version": "0.3.1",
      "from": "cookie@0.3.1",
      "resolved": "https://registry.npmjs.org/cookie/-/cookie-0.3.1.tgz"
    },
    "cookie-signature": {
      "version": "1.0.6",
      "from": "cookie-signature@1.0.6",
      "resolved": "https://registry.npmjs.org/cookie-signature/-/cookie-signature-1.0.6.tgz"
    },
    "core-js": {
      "version": "2.4.1",
      "from": "core-js@>=2.4.0 <3.0.0",
      "resolved": "https://registry.npmjs.org/core-js/-/core-js-2.4.1.tgz"
    },
    "crypt": {
      "version": "0.0.2",
      "from": "crypt@>=0.0.1",
      "resolved": "https://registry.npmjs.org/crypt/-/crypt-0.0.2.tgz"
    },
    "debug": {
      "version": "2.6.1",
      "from": "debug@2.6.1",
      "resolved": "https://registry.npmjs.org/debug/-/debug-2.6.1.tgz"
    },
    "deep-equal": {
      "version": "1.0.1",
      "from": "deep-equal@1.0.1",
      "resolved": "https://registry.npmjs.org/deep-equal/-/deep-equal-1.0.1.tgz"
    },
    "depd": {
      "version": "1.1.0",
      "from": "depd@>=1.1.0 <1.2.0",
      "resolved": "https://registry.npmjs.org/depd/-/depd-1.1.0.tgz"
    },
    "destroy": {
      "version": "1.0.4",
      "from": "destroy@>=1.0.4 <1.1.0",
      "resolved": "https://registry.npmjs.org/destroy/-/destroy-1.0.4.tgz"
    },
    "dom-helpers": {
      "version": "2.4.0",
      "from": "dom-helpers@>=2.4.0 <3.0.0",
      "resolved": "https://registry.npmjs.org/dom-helpers/-/dom-helpers-2.4.0.tgz"
    },
    "dom-walk": {
      "version": "0.1.1",
      "from": "dom-walk@>=0.1.0 <0.2.0",
      "resolved": "https://registry.npmjs.org/dom-walk/-/dom-walk-0.1.1.tgz"
    },
    "ee-first": {
      "version": "1.1.1",
      "from": "ee-first@1.1.1",
      "resolved": "https://registry.npmjs.org/ee-first/-/ee-first-1.1.1.tgz"
    },
    "encodeurl": {
      "version": "1.0.1",
      "from": "encodeurl@>=1.0.1 <1.1.0",
      "resolved": "https://registry.npmjs.org/encodeurl/-/encodeurl-1.0.1.tgz"
    },
    "encoding": {
      "version": "0.1.12",
      "from": "encoding@>=0.1.11 <0.2.0",
      "resolved": "https://registry.npmjs.org/encoding/-/encoding-0.1.12.tgz"
    },
    "error-stack-parser": {
      "version": "1.3.6",
      "from": "error-stack-parser@>=1.3.6 <2.0.0",
      "resolved": "https://registry.npmjs.org/error-stack-parser/-/error-stack-parser-1.3.6.tgz"
    },
    "escape-html": {
      "version": "1.0.3",
      "from": "escape-html@>=1.0.3 <1.1.0",
      "resolved": "https://registry.npmjs.org/escape-html/-/escape-html-1.0.3.tgz"
    },
    "escape-string-regexp": {
      "version": "1.0.5",
      "from": "escape-string-regexp@>=1.0.2 <2.0.0",
      "resolved": "https://registry.npmjs.org/escape-string-regexp/-/escape-string-regexp-1.0.5.tgz"
    },
    "esutils": {
      "version": "2.0.2",
      "from": "esutils@>=2.0.2 <3.0.0",
      "resolved": "https://registry.npmjs.org/esutils/-/esutils-2.0.2.tgz"
    },
    "etag": {
      "version": "1.8.0",
      "from": "etag@>=1.8.0 <1.9.0",
      "resolved": "https://registry.npmjs.org/etag/-/etag-1.8.0.tgz"
    },
    "exenv": {
      "version": "1.2.1",
      "from": "exenv@>=1.2.1 <2.0.0",
      "resolved": "https://registry.npmjs.org/exenv/-/exenv-1.2.1.tgz"
    },
    "express": {
      "version": "4.15.2",
      "from": "express@4.15.2",
      "resolved": "https://registry.npmjs.org/express/-/express-4.15.2.tgz"
    },
    "fbjs": {
      "version": "0.8.9",
      "from": "fbjs@>=0.8.4 <0.9.0",
      "resolved": "https://registry.npmjs.org/fbjs/-/fbjs-0.8.9.tgz",
      "dependencies": {
        "core-js": {
          "version": "1.2.7",
          "from": "core-js@>=1.0.0 <2.0.0",
          "resolved": "https://registry.npmjs.org/core-js/-/core-js-1.2.7.tgz"
        }
      }
    },
    "finalhandler": {
      "version": "1.0.1",
      "from": "finalhandler@>=1.0.0 <1.1.0",
      "resolved": "https://registry.npmjs.org/finalhandler/-/finalhandler-1.0.1.tgz",
      "dependencies": {
        "debug": {
          "version": "2.6.3",
          "from": "debug@2.6.3",
          "resolved": "https://registry.npmjs.org/debug/-/debug-2.6.3.tgz"
        }
      }
    },
    "font-awesome": {
      "version": "4.7.0",
      "from": "font-awesome@>=4.6.3 <5.0.0",
      "resolved": "https://registry.npmjs.org/font-awesome/-/font-awesome-4.7.0.tgz"
    },
    "forwarded": {
      "version": "0.1.0",
      "from": "forwarded@>=0.1.0 <0.2.0",
      "resolved": "https://registry.npmjs.org/forwarded/-/forwarded-0.1.0.tgz"
    },
    "fresh": {
      "version": "0.5.0",
      "from": "fresh@0.5.0",
      "resolved": "https://registry.npmjs.org/fresh/-/fresh-0.5.0.tgz"
    },
    "global": {
      "version": "4.3.1",
      "from": "global@>=4.3.0 <5.0.0",
      "resolved": "https://registry.npmjs.org/global/-/global-4.3.1.tgz"
    },
    "globals": {
      "version": "9.16.0",
      "from": "globals@>=9.0.0 <10.0.0",
      "resolved": "https://registry.npmjs.org/globals/-/globals-9.16.0.tgz"
    },
    "has-ansi": {
      "version": "2.0.0",
      "from": "has-ansi@>=2.0.0 <3.0.0",
      "resolved": "https://registry.npmjs.org/has-ansi/-/has-ansi-2.0.0.tgz"
    },
    "history": {
      "version": "2.1.2",
      "from": "history@>=2.1.2 <3.0.0",
      "resolved": "https://registry.npmjs.org/history/-/history-2.1.2.tgz",
      "dependencies": {
        "warning": {
          "version": "2.1.0",
          "from": "warning@>=2.0.0 <3.0.0",
          "resolved": "https://registry.npmjs.org/warning/-/warning-2.1.0.tgz"
        }
      }
    },
    "hoist-non-react-statics": {
      "version": "1.2.0",
      "from": "hoist-non-react-statics@>=1.0.3 <2.0.0",
      "resolved": "https://registry.npmjs.org/hoist-non-react-statics/-/hoist-non-react-statics-1.2.0.tgz"
    },
    "http-errors": {
      "version": "1.6.1",
      "from": "http-errors@>=1.6.1 <1.7.0",
      "resolved": "https://registry.npmjs.org/http-errors/-/http-errors-1.6.1.tgz"
    },
    "iconv-lite": {
      "version": "0.4.15",
      "from": "iconv-lite@0.4.15",
      "resolved": "https://registry.npmjs.org/iconv-lite/-/iconv-lite-0.4.15.tgz"
    },
    "inherits": {
      "version": "2.0.3",
      "from": "inherits@2.0.3",
      "resolved": "https://registry.npmjs.org/inherits/-/inherits-2.0.3.tgz"
    },
    "invariant": {
      "version": "2.2.2",
      "from": "invariant@>=2.2.0 <3.0.0",
      "resolved": "https://registry.npmjs.org/invariant/-/invariant-2.2.2.tgz"
    },
    "ipaddr.js": {
      "version": "1.3.0",
      "from": "ipaddr.js@1.3.0",
      "resolved": "https://registry.npmjs.org/ipaddr.js/-/ipaddr.js-1.3.0.tgz"
    },
    "is-stream": {
      "version": "1.1.0",
      "from": "is-stream@>=1.0.1 <2.0.0",
      "resolved": "https://registry.npmjs.org/is-stream/-/is-stream-1.1.0.tgz"
    },
    "isomorphic-fetch": {
      "version": "2.2.1",
      "from": "isomorphic-fetch@>=2.2.1 <3.0.0",
      "resolved": "https://registry.npmjs.org/isomorphic-fetch/-/isomorphic-fetch-2.2.1.tgz"
    },
    "js-tokens": {
      "version": "3.0.1",
      "from": "js-tokens@>=3.0.0 <4.0.0",
      "resolved": "https://registry.npmjs.org/js-tokens/-/js-tokens-3.0.1.tgz"
    },
    "lodash": {
      "version": "4.17.4",
      "from": "lodash@>=4.2.0 <5.0.0",
      "resolved": "https://registry.npmjs.org/lodash/-/lodash-4.17.4.tgz"
    },
    "lodash-es": {
      "version": "4.17.4",
      "from": "lodash-es@>=4.16.1 <5.0.0",
      "resolved": "https://registry.npmjs.org/lodash-es/-/lodash-es-4.17.4.tgz"
    },
    "lodash._getnative": {
      "version": "3.9.1",
      "from": "lodash._getnative@>=3.0.0 <4.0.0",
      "resolved": "https://registry.npmjs.org/lodash._getnative/-/lodash._getnative-3.9.1.tgz"
    },
    "lodash.isarguments": {
      "version": "3.1.0",
      "from": "lodash.isarguments@>=3.0.0 <4.0.0",
      "resolved": "https://registry.npmjs.org/lodash.isarguments/-/lodash.isarguments-3.1.0.tgz"
    },
    "lodash.isarray": {
      "version": "3.0.4",
      "from": "lodash.isarray@>=3.0.0 <4.0.0",
      "resolved": "https://registry.npmjs.org/lodash.isarray/-/lodash.isarray-3.0.4.tgz"
    },
    "lodash.keys": {
      "version": "3.1.2",
      "from": "lodash.keys@>=3.0.0 <4.0.0",
      "resolved": "https://registry.npmjs.org/lodash.keys/-/lodash.keys-3.1.2.tgz"
    },
    "loose-envify": {
      "version": "1.3.1",
      "from": "loose-envify@>=1.1.0 <2.0.0",
      "resolved": "https://registry.npmjs.org/loose-envify/-/loose-envify-1.3.1.tgz"
    },
    "media-typer": {
      "version": "0.3.0",
      "from": "media-typer@0.3.0",
      "resolved": "https://registry.npmjs.org/media-typer/-/media-typer-0.3.0.tgz"
    },
    "merge-descriptors": {
      "version": "1.0.1",
      "from": "merge-descriptors@1.0.1",
      "resolved": "https://registry.npmjs.org/merge-descriptors/-/merge-descriptors-1.0.1.tgz"
    },
    "methods": {
      "version": "1.1.2",
      "from": "methods@>=1.1.2 <1.2.0",
      "resolved": "https://registry.npmjs.org/methods/-/methods-1.1.2.tgz"
    },
    "mime": {
      "version": "1.3.4",
      "from": "mime@1.3.4",
      "resolved": "https://registry.npmjs.org/mime/-/mime-1.3.4.tgz"
    },
    "mime-db": {
      "version": "1.26.0",
      "from": "mime-db@>=1.26.0 <1.27.0",
      "resolved": "https://registry.npmjs.org/mime-db/-/mime-db-1.26.0.tgz"
    },
    "mime-types": {
      "version": "2.1.14",
      "from": "mime-types@>=2.1.13 <2.2.0",
      "resolved": "https://registry.npmjs.org/mime-types/-/mime-types-2.1.14.tgz"
    },
    "min-document": {
      "version": "2.19.0",
      "from": "min-document@>=2.19.0 <3.0.0",
      "resolved": "https://registry.npmjs.org/min-document/-/min-document-2.19.0.tgz"
    },
    "ms": {
      "version": "0.7.2",
      "from": "ms@0.7.2",
      "resolved": "https://registry.npmjs.org/ms/-/ms-0.7.2.tgz"
    },
    "negotiator": {
      "version": "0.6.1",
      "from": "negotiator@0.6.1",
      "resolved": "https://registry.npmjs.org/negotiator/-/negotiator-0.6.1.tgz"
    },
    "node-fetch": {
      "version": "1.6.3",
      "from": "node-fetch@>=1.0.1 <2.0.0",
      "resolved": "https://registry.npmjs.org/node-fetch/-/node-fetch-1.6.3.tgz"
    },
    "nodemailer": {
      "version": "3.1.8",
      "from": "nodemailer@3.1.8",
      "resolved": "https://registry.npmjs.org/nodemailer/-/nodemailer-3.1.8.tgz"
    },
    "object-assign": {
      "version": "4.1.1",
      "from": "object-assign@>=4.0.1 <5.0.0",
      "resolved": "https://registry.npmjs.org/object-assign/-/object-assign-4.1.1.tgz"
    },
    "on-finished": {
      "version": "2.3.0",
      "from": "on-finished@>=2.3.0 <2.4.0",
      "resolved": "https://registry.npmjs.org/on-finished/-/on-finished-2.3.0.tgz"
    },
    "parseurl": {
      "version": "1.3.1",
      "from": "parseurl@>=1.3.1 <1.4.0",
      "resolved": "https://registry.npmjs.org/parseurl/-/parseurl-1.3.1.tgz"
    },
    "path-to-regexp": {
      "version": "0.1.7",
      "from": "path-to-regexp@0.1.7",
      "resolved": "https://registry.npmjs.org/path-to-regexp/-/path-to-regexp-0.1.7.tgz"
    },
    "process": {
      "version": "0.5.2",
      "from": "process@>=0.5.1 <0.6.0",
      "resolved": "https://registry.npmjs.org/process/-/process-0.5.2.tgz"
    },
    "promise": {
      "version": "7.1.1",
      "from": "promise@>=7.1.1 <8.0.0",
      "resolved": "https://registry.npmjs.org/promise/-/promise-7.1.1.tgz"
    },
    "proxy-addr": {
      "version": "1.1.4",
      "from": "proxy-addr@>=1.1.3 <1.2.0",
      "resolved": "https://registry.npmjs.org/proxy-addr/-/proxy-addr-1.1.4.tgz"
    },
    "qs": {
      "version": "6.4.0",
      "from": "qs@6.4.0",
      "resolved": "https://registry.npmjs.org/qs/-/qs-6.4.0.tgz"
    },
    "query-string": {
      "version": "3.0.3",
      "from": "query-string@>=3.0.0 <4.0.0",
      "resolved": "https://registry.npmjs.org/query-string/-/query-string-3.0.3.tgz"
    },
    "range-parser": {
      "version": "1.2.0",
      "from": "range-parser@>=1.2.0 <1.3.0",
      "resolved": "https://registry.npmjs.org/range-parser/-/range-parser-1.2.0.tgz"
    },
    "raw-body": {
      "version": "2.2.0",
      "from": "raw-body@>=2.2.0 <2.3.0",
      "resolved": "https://registry.npmjs.org/raw-body/-/raw-body-2.2.0.tgz"
    },
    "react": {
      "version": "15.4.2",
      "from": "react@>=15.0.1 <16.0.0",
      "resolved": "https://registry.npmjs.org/react/-/react-15.4.2.tgz"
    },
    "react-deep-force-update": {
      "version": "2.0.1",
      "from": "react-deep-force-update@>=2.0.1 <3.0.0",
      "resolved": "https://registry.npmjs.org/react-deep-force-update/-/react-deep-force-update-2.0.1.tgz"
    },
    "react-display-name": {
      "version": "0.2.0",
      "from": "react-display-name@>=0.2.0 <0.3.0",
      "resolved": "https://registry.npmjs.org/react-display-name/-/react-display-name-0.2.0.tgz"
    },
    "react-dom": {
      "version": "15.4.2",
      "from": "react-dom@>=15.0.1 <16.0.0",
      "resolved": "https://registry.npmjs.org/react-dom/-/react-dom-15.4.2.tgz"
    },
    "react-ga": {
      "version": "2.1.2",
      "from": "react-ga@latest",
      "resolved": "https://registry.npmjs.org/react-ga/-/react-ga-2.1.2.tgz"
    },
    "react-helmet": {
      "version": "5.0.1",
      "from": "react-helmet@>=5.0.1 <6.0.0",
      "resolved": "https://registry.npmjs.org/react-helmet/-/react-helmet-5.0.1.tgz"
    },
    "react-hot-loader": {
      "version": "3.0.0-beta.6",
      "from": "react-hot-loader@>=3.0.0-beta <4.0.0",
      "resolved": "https://registry.npmjs.org/react-hot-loader/-/react-hot-loader-3.0.0-beta.6.tgz"
    },
    "react-proxy": {
      "version": "3.0.0-alpha.1",
      "from": "react-proxy@>=3.0.0-alpha.0 <4.0.0",
      "resolved": "https://registry.npmjs.org/react-proxy/-/react-proxy-3.0.0-alpha.1.tgz"
    },
    "react-redux": {
      "version": "4.4.6",
      "from": "react-redux@>=4.4.1 <5.0.0",
      "resolved": "https://registry.npmjs.org/react-redux/-/react-redux-4.4.6.tgz"
    },
    "react-router": {
      "version": "2.8.1",
      "from": "react-router@>=2.0.1 <3.0.0",
      "resolved": "https://registry.npmjs.org/react-router/-/react-router-2.8.1.tgz"
    },
    "react-router-redux": {
      "version": "4.0.8",
      "from": "react-router-redux@>=4.0.2 <5.0.0",
      "resolved": "https://registry.npmjs.org/react-router-redux/-/react-router-redux-4.0.8.tgz"
    },
    "react-router-scroll": {
      "version": "0.3.3",
      "from": "react-router-scroll@>=0.3.2 <0.4.0",
      "resolved": "https://registry.npmjs.org/react-router-scroll/-/react-router-scroll-0.3.3.tgz"
    },
    "react-side-effect": {
      "version": "1.1.0",
      "from": "react-side-effect@>=1.1.0 <2.0.0",
      "resolved": "https://registry.npmjs.org/react-side-effect/-/react-side-effect-1.1.0.tgz"
    },
    "redbox-react": {
      "version": "1.3.4",
      "from": "redbox-react@>=1.2.5 <2.0.0",
      "resolved": "https://registry.npmjs.org/redbox-react/-/redbox-react-1.3.4.tgz"
    },
    "reduce-reducers": {
      "version": "0.1.2",
      "from": "reduce-reducers@>=0.1.0 <0.2.0",
      "resolved": "https://registry.npmjs.org/reduce-reducers/-/reduce-reducers-0.1.2.tgz"
    },
    "redux": {
      "version": "3.6.0",
      "from": "redux@>=3.3.1 <4.0.0",
      "resolved": "https://registry.npmjs.org/redux/-/redux-3.6.0.tgz"
    },
    "redux-actions": {
      "version": "0.10.1",
      "from": "redux-actions@>=0.10.1 <0.11.0",
      "resolved": "https://registry.npmjs.org/redux-actions/-/redux-actions-0.10.1.tgz"
    },
    "redux-connect": {
      "version": "3.0.0",
      "from": "redux-connect@>=3.0.0 <4.0.0",
      "resolved": "https://registry.npmjs.org/redux-connect/-/redux-connect-3.0.0.tgz"
    },
    "redux-scripts-manager": {
      "version": "0.2.0",
      "from": "redux-scripts-manager@>=0.2.0 <0.3.0",
      "resolved": "https://registry.npmjs.org/redux-scripts-manager/-/redux-scripts-manager-0.2.0.tgz"
    },
    "redux-thunk": {
      "version": "2.2.0",
      "from": "redux-thunk@>=2.0.1 <3.0.0",
      "resolved": "https://registry.npmjs.org/redux-thunk/-/redux-thunk-2.2.0.tgz"
    },
    "regenerator-runtime": {
      "version": "0.10.3",
      "from": "regenerator-runtime@>=0.10.0 <0.11.0",
      "resolved": "https://registry.npmjs.org/regenerator-runtime/-/regenerator-runtime-0.10.3.tgz"
    },
    "scroll-behavior": {
      "version": "0.8.2",
      "from": "scroll-behavior@>=0.8.0 <0.9.0",
      "resolved": "https://registry.npmjs.org/scroll-behavior/-/scroll-behavior-0.8.2.tgz"
    },
    "send": {
      "version": "0.15.1",
      "from": "send@0.15.1",
      "resolved": "https://registry.npmjs.org/send/-/send-0.15.1.tgz"
    },
    "serve-static": {
      "version": "1.12.1",
      "from": "serve-static@1.12.1",
      "resolved": "https://registry.npmjs.org/serve-static/-/serve-static-1.12.1.tgz"
    },
    "setimmediate": {
      "version": "1.0.5",
      "from": "setimmediate@>=1.0.5 <2.0.0",
      "resolved": "https://registry.npmjs.org/setimmediate/-/setimmediate-1.0.5.tgz"
    },
    "setprototypeof": {
      "version": "1.0.3",
      "from": "setprototypeof@1.0.3",
      "resolved": "https://registry.npmjs.org/setprototypeof/-/setprototypeof-1.0.3.tgz"
    },
    "sha1": {
      "version": "1.1.1",
      "from": "sha1@>=1.1.1 <2.0.0",
      "resolved": "https://registry.npmjs.org/sha1/-/sha1-1.1.1.tgz"
    },
    "shallowequal": {
      "version": "0.2.2",
      "from": "shallowequal@>=0.2.2 <0.3.0",
      "resolved": "https://registry.npmjs.org/shallowequal/-/shallowequal-0.2.2.tgz"
    },
    "source-map": {
      "version": "0.4.4",
      "from": "source-map@>=0.4.4 <0.5.0",
      "resolved": "https://registry.npmjs.org/source-map/-/source-map-0.4.4.tgz"
    },
    "source-map-support": {
      "version": "0.4.14",
      "from": "source-map-support@0.4.14",
      "resolved": "https://registry.npmjs.org/source-map-support/-/source-map-support-0.4.14.tgz",
      "dependencies": {
        "source-map": {
          "version": "0.5.6",
          "from": "source-map@>=0.5.3 <0.6.0",
          "resolved": "https://registry.npmjs.org/source-map/-/source-map-0.5.6.tgz"
        }
      }
    },
    "stackframe": {
      "version": "0.3.1",
      "from": "stackframe@>=0.3.1 <0.4.0",
      "resolved": "https://registry.npmjs.org/stackframe/-/stackframe-0.3.1.tgz"
    },
    "statuses": {
      "version": "1.3.1",
      "from": "statuses@>=1.3.1 <2.0.0",
      "resolved": "https://registry.npmjs.org/statuses/-/statuses-1.3.1.tgz"
    },
    "strict-uri-encode": {
      "version": "1.1.0",
      "from": "strict-uri-encode@>=1.0.0 <2.0.0",
      "resolved": "https://registry.npmjs.org/strict-uri-encode/-/strict-uri-encode-1.1.0.tgz"
    },
    "strip-ansi": {
      "version": "3.0.1",
      "from": "strip-ansi@>=3.0.0 <4.0.0",
      "resolved": "https://registry.npmjs.org/strip-ansi/-/strip-ansi-3.0.1.tgz"
    },
    "supports-color": {
      "version": "2.0.0",
      "from": "supports-color@>=2.0.0 <3.0.0",
      "resolved": "https://registry.npmjs.org/supports-color/-/supports-color-2.0.0.tgz"
    },
    "symbol-observable": {
      "version": "1.0.4",
      "from": "symbol-observable@>=1.0.2 <2.0.0",
      "resolved": "https://registry.npmjs.org/symbol-observable/-/symbol-observable-1.0.4.tgz"
    },
    "to-fast-properties": {
      "version": "1.0.2",
      "from": "to-fast-properties@>=1.0.1 <2.0.0",
      "resolved": "https://registry.npmjs.org/to-fast-properties/-/to-fast-properties-1.0.2.tgz"
    },
    "type-is": {
      "version": "1.6.14",
      "from": "type-is@>=1.6.14 <1.7.0",
      "resolved": "https://registry.npmjs.org/type-is/-/type-is-1.6.14.tgz"
    },
    "ua-parser-js": {
      "version": "0.7.12",
      "from": "https://registry.npmjs.org/ua-parser-js/-/ua-parser-js-0.7.12.tgz",
      "resolved": "https://registry.npmjs.org/ua-parser-js/-/ua-parser-js-0.7.12.tgz"
    },
    "unpipe": {
      "version": "1.0.0",
      "from": "unpipe@1.0.0",
      "resolved": "https://registry.npmjs.org/unpipe/-/unpipe-1.0.0.tgz"
    },
    "utils-merge": {
      "version": "1.0.0",
      "from": "utils-merge@1.0.0",
      "resolved": "https://registry.npmjs.org/utils-merge/-/utils-merge-1.0.0.tgz"
    },
    "vary": {
      "version": "1.1.0",
      "from": "vary@>=1.1.0 <1.2.0",
      "resolved": "https://registry.npmjs.org/vary/-/vary-1.1.0.tgz"
    },
    "warning": {
      "version": "3.0.0",
      "from": "warning@>=3.0.0 <4.0.0",
      "resolved": "https://registry.npmjs.org/warning/-/warning-3.0.0.tgz"
    },
    "whatwg-fetch": {
      "version": "2.0.3",
      "from": "whatwg-fetch@>=0.10.0",
      "resolved": "https://registry.npmjs.org/whatwg-fetch/-/whatwg-fetch-2.0.3.tgz"
    }
  }
}
